{
    "version": 3,
    "terraform_version": "0.11.10",
    "serial": 18,
    "lineage": "d7fa9177-f349-3884-3d65-4df9cde4d7c1",
    "modules": [
        {
            "path": [
                "root"
            ],
            "outputs": {
                "bubba": {
                    "sensitive": false,
                    "type": "string",
                    "value": "table10rsapprg"
                },
                "vm_ip": {
                    "sensitive": false,
                    "type": "string",
                    "value": "104.211.73.31"
                }
            },
            "resources": {
                "azurerm_network_interface.mynic": {
                    "type": "azurerm_network_interface",
                    "depends_on": [
                        "azurerm_network_security_group.secgroup",
                        "azurerm_public_ip.myip",
                        "azurerm_subnet.mysub"
                    ],
                    "primary": {
                        "id": "/subscriptions/0ab9ad2e-f316-4da5-b243-e7f65da24755/resourceGroups/table10rsapprg/providers/Microsoft.Network/networkInterfaces/mynic",
                        "attributes": {
                            "applied_dns_servers.#": "0",
                            "dns_servers.#": "0",
                            "enable_accelerated_networking": "false",
                            "enable_ip_forwarding": "false",
                            "id": "/subscriptions/0ab9ad2e-f316-4da5-b243-e7f65da24755/resourceGroups/table10rsapprg/providers/Microsoft.Network/networkInterfaces/mynic",
                            "internal_dns_name_label": "",
                            "internal_fqdn": "",
                            "ip_configuration.#": "1",
                            "ip_configuration.0.application_gateway_backend_address_pools_ids.#": "0",
                            "ip_configuration.0.application_security_group_ids.#": "0",
                            "ip_configuration.0.load_balancer_backend_address_pools_ids.#": "0",
                            "ip_configuration.0.load_balancer_inbound_nat_rules_ids.#": "0",
                            "ip_configuration.0.name": "myipconfig",
                            "ip_configuration.0.primary": "true",
                            "ip_configuration.0.private_ip_address": "",
                            "ip_configuration.0.private_ip_address_allocation": "dynamic",
                            "ip_configuration.0.public_ip_address_id": "/subscriptions/0ab9ad2e-f316-4da5-b243-e7f65da24755/resourceGroups/table10rsapprg/providers/Microsoft.Network/publicIPAddresses/table10rspubip",
                            "ip_configuration.0.subnet_id": "/subscriptions/0ab9ad2e-f316-4da5-b243-e7f65da24755/resourceGroups/table10rsapprg/providers/Microsoft.Network/virtualNetworks/myvnet/subnets/mysubnet",
                            "location": "centralindia",
                            "mac_address": "00-0D-3A-3D-EC-9A",
                            "name": "mynic",
                            "network_security_group_id": "/subscriptions/0ab9ad2e-f316-4da5-b243-e7f65da24755/resourceGroups/table10rsapprg/providers/Microsoft.Network/networkSecurityGroups/table10rssecgroup",
                            "private_ip_address": "10.0.1.4",
                            "private_ip_addresses.#": "1",
                            "private_ip_addresses.0": "10.0.1.4",
                            "resource_group_name": "table10rsapprg",
                            "tags.%": "0",
                            "virtual_machine_id": "/subscriptions/0ab9ad2e-f316-4da5-b243-e7f65da24755/resourceGroups/table10rsapprg/providers/Microsoft.Compute/virtualMachines/table10rsvm"
                        },
                        "meta": {},
                        "tainted": false
                    },
                    "deposed": [],
                    "provider": "provider.azurerm"
                },
                "azurerm_network_security_group.secgroup": {
                    "type": "azurerm_network_security_group",
                    "depends_on": [
                        "azurerm_resource_group.thegroup"
                    ],
                    "primary": {
                        "id": "/subscriptions/0ab9ad2e-f316-4da5-b243-e7f65da24755/resourceGroups/table10rsapprg/providers/Microsoft.Network/networkSecurityGroups/table10rssecgroup",
                        "attributes": {
                            "id": "/subscriptions/0ab9ad2e-f316-4da5-b243-e7f65da24755/resourceGroups/table10rsapprg/providers/Microsoft.Network/networkSecurityGroups/table10rssecgroup",
                            "location": "centralindia",
                            "name": "table10rssecgroup",
                            "resource_group_name": "table10rsapprg",
                            "security_rule.#": "1",
                            "security_rule.1573307906.access": "Allow",
                            "security_rule.1573307906.description": "",
                            "security_rule.1573307906.destination_address_prefix": "*",
                            "security_rule.1573307906.destination_address_prefixes.#": "0",
                            "security_rule.1573307906.destination_application_security_group_ids.#": "0",
                            "security_rule.1573307906.destination_port_range": "22",
                            "security_rule.1573307906.destination_port_ranges.#": "0",
                            "security_rule.1573307906.direction": "Inbound",
                            "security_rule.1573307906.name": "SSH",
                            "security_rule.1573307906.priority": "1003",
                            "security_rule.1573307906.protocol": "Tcp",
                            "security_rule.1573307906.source_address_prefix": "*",
                            "security_rule.1573307906.source_address_prefixes.#": "0",
                            "security_rule.1573307906.source_application_security_group_ids.#": "0",
                            "security_rule.1573307906.source_port_range": "*",
                            "security_rule.1573307906.source_port_ranges.#": "0",
                            "tags.%": "1",
                            "tags.environment": "Testing"
                        },
                        "meta": {},
                        "tainted": false
                    },
                    "deposed": [],
                    "provider": "provider.azurerm"
                },
                "azurerm_public_ip.myip": {
                    "type": "azurerm_public_ip",
                    "depends_on": [
                        "azurerm_resource_group.thegroup"
                    ],
                    "primary": {
                        "id": "/subscriptions/0ab9ad2e-f316-4da5-b243-e7f65da24755/resourceGroups/table10rsapprg/providers/Microsoft.Network/publicIPAddresses/table10rspubip",
                        "attributes": {
                            "id": "/subscriptions/0ab9ad2e-f316-4da5-b243-e7f65da24755/resourceGroups/table10rsapprg/providers/Microsoft.Network/publicIPAddresses/table10rspubip",
                            "idle_timeout_in_minutes": "4",
                            "ip_address": "104.211.73.31",
                            "ip_version": "ipv4",
                            "location": "centralindia",
                            "name": "table10rspubip",
                            "public_ip_address_allocation": "static",
                            "resource_group_name": "table10rsapprg",
                            "sku": "Basic",
                            "tags.%": "1",
                            "tags.environment": "testing",
                            "zones.#": "0"
                        },
                        "meta": {},
                        "tainted": false
                    },
                    "deposed": [],
                    "provider": "provider.azurerm"
                },
                "azurerm_resource_group.thegroup": {
                    "type": "azurerm_resource_group",
                    "depends_on": [],
                    "primary": {
                        "id": "/subscriptions/0ab9ad2e-f316-4da5-b243-e7f65da24755/resourceGroups/table10rsapprg",
                        "attributes": {
                            "id": "/subscriptions/0ab9ad2e-f316-4da5-b243-e7f65da24755/resourceGroups/table10rsapprg",
                            "location": "centralindia",
                            "name": "table10rsapprg",
                            "tags.%": "0"
                        },
                        "meta": {},
                        "tainted": false
                    },
                    "deposed": [],
                    "provider": "provider.azurerm"
                },
                "azurerm_storage_account.mystorage": {
                    "type": "azurerm_storage_account",
                    "depends_on": [
                        "azurerm_resource_group.thegroup",
                        "random_id.randomid"
                    ],
                    "primary": {
                        "id": "/subscriptions/0ab9ad2e-f316-4da5-b243-e7f65da24755/resourceGroups/table10rsapprg/providers/Microsoft.Storage/storageAccounts/diagd3d509e47aff237b",
                        "attributes": {
                            "access_tier": "",
                            "account_encryption_source": "Microsoft.Storage",
                            "account_kind": "Storage",
                            "account_replication_type": "LRS",
                            "account_tier": "Standard",
                            "account_type": "Standard_LRS",
                            "enable_blob_encryption": "true",
                            "enable_file_encryption": "true",
                            "enable_https_traffic_only": "false",
                            "id": "/subscriptions/0ab9ad2e-f316-4da5-b243-e7f65da24755/resourceGroups/table10rsapprg/providers/Microsoft.Storage/storageAccounts/diagd3d509e47aff237b",
                            "identity.#": "0",
                            "location": "centralindia",
                            "name": "diagd3d509e47aff237b",
                            "network_rules.#": "0",
                            "primary_access_key": "y82Mn8glAMBUpHIrZrxDAGue8pUiv4XNOPWuD6OiYQnvPg1EFFzJZhmwZeCYh7KBkNN93Y0HgqdtuIgf/Rw+AQ==",
                            "primary_blob_connection_string": "DefaultEndpointsProtocol=https;BlobEndpoint=https://diagd3d509e47aff237b.blob.core.windows.net/;AccountName=diagd3d509e47aff237b;AccountKey=y82Mn8glAMBUpHIrZrxDAGue8pUiv4XNOPWuD6OiYQnvPg1EFFzJZhmwZeCYh7KBkNN93Y0HgqdtuIgf/Rw+AQ==",
                            "primary_blob_endpoint": "https://diagd3d509e47aff237b.blob.core.windows.net/",
                            "primary_connection_string": "DefaultEndpointsProtocol=https;AccountName=diagd3d509e47aff237b;AccountKey=y82Mn8glAMBUpHIrZrxDAGue8pUiv4XNOPWuD6OiYQnvPg1EFFzJZhmwZeCYh7KBkNN93Y0HgqdtuIgf/Rw+AQ==;EndpointSuffix=core.windows.net",
                            "primary_file_endpoint": "https://diagd3d509e47aff237b.file.core.windows.net/",
                            "primary_location": "centralindia",
                            "primary_queue_endpoint": "https://diagd3d509e47aff237b.queue.core.windows.net/",
                            "primary_table_endpoint": "https://diagd3d509e47aff237b.table.core.windows.net/",
                            "resource_group_name": "table10rsapprg",
                            "secondary_access_key": "gEAtitIY+rqzlqQSs6Gr1C3jOeBWrjPGJ2cIuqBZ4z8qKVq+QCZiNpQ5hTBzB2GoztitDvXQD8xW8p3gRAlFeA==",
                            "secondary_connection_string": "DefaultEndpointsProtocol=https;AccountName=diagd3d509e47aff237b;AccountKey=gEAtitIY+rqzlqQSs6Gr1C3jOeBWrjPGJ2cIuqBZ4z8qKVq+QCZiNpQ5hTBzB2GoztitDvXQD8xW8p3gRAlFeA==;EndpointSuffix=core.windows.net",
                            "secondary_location": "",
                            "tags.%": "1",
                            "tags.environment": "Testing"
                        },
                        "meta": {
                            "schema_version": "2"
                        },
                        "tainted": false
                    },
                    "deposed": [],
                    "provider": "provider.azurerm"
                },
                "azurerm_subnet.mysub": {
                    "type": "azurerm_subnet",
                    "depends_on": [
                        "azurerm_resource_group.thegroup",
                        "azurerm_virtual_network.mynet"
                    ],
                    "primary": {
                        "id": "/subscriptions/0ab9ad2e-f316-4da5-b243-e7f65da24755/resourceGroups/table10rsapprg/providers/Microsoft.Network/virtualNetworks/myvnet/subnets/mysubnet",
                        "attributes": {
                            "address_prefix": "10.0.1.0/24",
                            "id": "/subscriptions/0ab9ad2e-f316-4da5-b243-e7f65da24755/resourceGroups/table10rsapprg/providers/Microsoft.Network/virtualNetworks/myvnet/subnets/mysubnet",
                            "ip_configurations.#": "1",
                            "ip_configurations.2043433820": "/subscriptions/0ab9ad2e-f316-4da5-b243-e7f65da24755/resourceGroups/table10rsapprg/providers/Microsoft.Network/networkInterfaces/mynic/ipConfigurations/myipconfig",
                            "name": "mysubnet",
                            "resource_group_name": "table10rsapprg",
                            "route_table_id": "",
                            "service_endpoints.#": "0",
                            "virtual_network_name": "myvnet"
                        },
                        "meta": {},
                        "tainted": false
                    },
                    "deposed": [],
                    "provider": "provider.azurerm"
                },
                "azurerm_virtual_machine.thevm": {
                    "type": "azurerm_virtual_machine",
                    "depends_on": [
                        "azurerm_network_interface.mynic",
                        "azurerm_storage_account.mystorage"
                    ],
                    "primary": {
                        "id": "/subscriptions/0ab9ad2e-f316-4da5-b243-e7f65da24755/resourceGroups/table10rsapprg/providers/Microsoft.Compute/virtualMachines/table10rsvm",
                        "attributes": {
                            "boot_diagnostics.#": "1",
                            "boot_diagnostics.0.enabled": "true",
                            "boot_diagnostics.0.storage_uri": "https://diagd3d509e47aff237b.blob.core.windows.net/",
                            "delete_data_disks_on_termination": "false",
                            "delete_os_disk_on_termination": "false",
                            "id": "/subscriptions/0ab9ad2e-f316-4da5-b243-e7f65da24755/resourceGroups/table10rsapprg/providers/Microsoft.Compute/virtualMachines/table10rsvm",
                            "identity.#": "0",
                            "location": "centralindia",
                            "name": "table10rsvm",
                            "network_interface_ids.#": "1",
                            "network_interface_ids.0": "/subscriptions/0ab9ad2e-f316-4da5-b243-e7f65da24755/resourceGroups/table10rsapprg/providers/Microsoft.Network/networkInterfaces/mynic",
                            "os_profile.#": "1",
                            "os_profile.1814642661.admin_password": "",
                            "os_profile.1814642661.admin_username": "azureops",
                            "os_profile.1814642661.computer_name": "table10rsrsvm",
                            "os_profile.1814642661.custom_data": "",
                            "os_profile_linux_config.#": "1",
                            "os_profile_linux_config.69840937.disable_password_authentication": "true",
                            "os_profile_linux_config.69840937.ssh_keys.#": "1",
                            "os_profile_linux_config.69840937.ssh_keys.0.key_data": "ssh-rsa AAAAB3NzaC1yc2EAAAADAQABAAABAQDI5D+uJMbG+ItqmE0f83YAUqTgqXT2tOKOgDkQnfuAr/LG4ryavuJH0PZboy+JJkm57BRlRbgTGtIMVqyNgdrKCYbstQHyTP8w/MGaEk62sHZlaT1zNpQuxGy+jf9gFenji5LrXLC2G0zQNk3kfMY/a+OYZgiJ12gA/bY5yJ68S6OinQiUAzNuRjq58ibpZqm34sXhfewskSRDJ0fjbPHmo0Oys/91m+YUMRiLnDoHNjQL2oTbfM3Or1zIFXgn/9rWh5qH1TeuzID7mmmd0QG80jvr++ht6FFeTmVT+npFrb1V8EJ7q5b6A4Jzp9PjWszMamDEP3HyIUR2Oosm0qaJ azureops@table10rsdevopsrg\n",
                            "os_profile_linux_config.69840937.ssh_keys.0.path": "/home/azureops/.ssh/authorized_keys",
                            "os_profile_secrets.#": "0",
                            "resource_group_name": "table10rsapprg",
                            "storage_data_disk.#": "0",
                            "storage_image_reference.#": "1",
                            "storage_image_reference.1458860473.id": "",
                            "storage_image_reference.1458860473.offer": "UbuntuServer",
                            "storage_image_reference.1458860473.publisher": "Canonical",
                            "storage_image_reference.1458860473.sku": "16.04-LTS",
                            "storage_image_reference.1458860473.version": "latest",
                            "storage_os_disk.#": "1",
                            "storage_os_disk.0.caching": "ReadWrite",
                            "storage_os_disk.0.create_option": "FromImage",
                            "storage_os_disk.0.disk_size_gb": "30",
                            "storage_os_disk.0.image_uri": "",
                            "storage_os_disk.0.managed_disk_id": "/subscriptions/0ab9ad2e-f316-4da5-b243-e7f65da24755/resourceGroups/table10rsapprg/providers/Microsoft.Compute/disks/theosdisk",
                            "storage_os_disk.0.managed_disk_type": "Premium_LRS",
                            "storage_os_disk.0.name": "theosdisk",
                            "storage_os_disk.0.os_type": "Linux",
                            "storage_os_disk.0.vhd_uri": "",
                            "storage_os_disk.0.write_accelerator_enabled": "false",
                            "tags.%": "1",
                            "tags.environment": "Testing",
                            "vm_size": "Standard_DS1_v2",
                            "zones.#": "0"
                        },
                        "meta": {},
                        "tainted": false
                    },
                    "deposed": [],
                    "provider": "provider.azurerm"
                },
                "azurerm_virtual_network.mynet": {
                    "type": "azurerm_virtual_network",
                    "depends_on": [
                        "azurerm_resource_group.thegroup"
                    ],
                    "primary": {
                        "id": "/subscriptions/0ab9ad2e-f316-4da5-b243-e7f65da24755/resourceGroups/table10rsapprg/providers/Microsoft.Network/virtualNetworks/myvnet",
                        "attributes": {
                            "address_space.#": "1",
                            "address_space.0": "10.0.0.0/16",
                            "dns_servers.#": "0",
                            "id": "/subscriptions/0ab9ad2e-f316-4da5-b243-e7f65da24755/resourceGroups/table10rsapprg/providers/Microsoft.Network/virtualNetworks/myvnet",
                            "location": "centralindia",
                            "name": "myvnet",
                            "resource_group_name": "table10rsapprg",
                            "subnet.#": "1",
                            "subnet.3556314000.address_prefix": "10.0.1.0/24",
                            "subnet.3556314000.id": "/subscriptions/0ab9ad2e-f316-4da5-b243-e7f65da24755/resourceGroups/table10rsapprg/providers/Microsoft.Network/virtualNetworks/myvnet/subnets/mysubnet",
                            "subnet.3556314000.name": "mysubnet",
                            "subnet.3556314000.security_group": "",
                            "tags.%": "1",
                            "tags.environment": "Testing"
                        },
                        "meta": {},
                        "tainted": false
                    },
                    "deposed": [],
                    "provider": "provider.azurerm"
                },
                "null_resource.upload": {
                    "type": "null_resource",
                    "depends_on": [
                        "azurerm_public_ip.myip"
                    ],
                    "primary": {
                        "id": "2159571448110666438",
                        "attributes": {
                            "id": "2159571448110666438"
                        },
                        "meta": {},
                        "tainted": true
                    },
                    "deposed": [],
                    "provider": "provider.null"
                },
                "random_id.randomid": {
                    "type": "random_id",
                    "depends_on": [
                        "azurerm_resource_group.thegroup"
                    ],
                    "primary": {
                        "id": "09UJ5Hr_I3s",
                        "attributes": {
                            "b64": "09UJ5Hr_I3s",
                            "b64_std": "09UJ5Hr/I3s=",
                            "b64_url": "09UJ5Hr_I3s",
                            "byte_length": "8",
                            "dec": "15264117388962898811",
                            "hex": "d3d509e47aff237b",
                            "id": "09UJ5Hr_I3s",
                            "keepers.%": "1",
                            "keepers.resource_group": "table10rsapprg"
                        },
                        "meta": {},
                        "tainted": false
                    },
                    "deposed": [],
                    "provider": "provider.random"
                }
            },
            "depends_on": []
        }
    ]
}
